
Microsoft Visual Studio Solution File, Format Version 12.00
# Visual Studio 15
VisualStudioVersion = 15.0.28307.572
MinimumVisualStudioVersion = 10.0.40219.1
Project("{FAE04EC0-301F-11D3-BF4B-00C04F79EFBC}") = "ClientCFC-P4-054_Form", "ClientCFC-P4-054_Form\ClientCFC-P4-054_Form.csproj", "{4955CF92-8869-45D9-9CD2-5E478AB598C5}"
EndProject
Global
	GlobalSection(SolutionConfigurationPlatforms) = preSolution
		Debug|Any CPU = Debug|Any CPU
		Release|Any CPU = Release|Any CPU
	EndGlobalSection
	GlobalSection(ProjectConfigurationPlatforms) = postSolution
		{4955CF92-8869-45D9-9CD2-5E478AB598C5}.Debug|Any CPU.ActiveCfg = Debug|Any CPU
		{4955CF92-8869-45D9-9CD2-5E478AB598C5}.Debug|Any CPU.Build.0 = Debug|Any CPU
		{4955CF92-8869-45D9-9CD2-5E478AB598C5}.Release|Any CPU.ActiveCfg = Release|Any CPU
		{4955CF92-8869-45D9-9CD2-5E478AB598C5}.Release|Any CPU.Build.0 = Release|Any CPU
	EndGlobalSection
	GlobalSection(SolutionProperties) = preSolution
		HideSolutionNode = FALSE
	EndGlobalSection
	GlobalSection(ExtensibilityGlobals) = postSolution
		SolutionGuid = {C547FAF2-F7CD-4DDE-ABD2-5C34F3E72835}
	EndGlobalSection
EndGlobal
